// !$*UTF8*$!
{
	archiveVersion = 1;
	classes = {
	};
	objectVersion = 46;
	objects = {

/* Begin PBXBuildFile section */
		52A30BF11A1E7A57000AFD6F /* main.c in Sources */ = {isa = PBXBuildFile; fileRef = 52A30BF01A1E7A57000AFD6F /* main.c */; };
/* End PBXBuildFile section */

/* Begin PBXCopyFilesBuildPhase section */
		52A30BEB1A1E7A57000AFD6F /* CopyFiles */ = {
			isa = PBXCopyFilesBuildPhase;
			buildActionMask = 2147483647;
			dstPath = /usr/share/man/man1/;
			dstSubfolderSpec = 0;
			files = (
			);
			runOnlyForDeploymentPostprocessing = 1;
		};
/* End PBXCopyFilesBuildPhase section */

/* Begin PBXFileReference section */
		52A30BED1A1E7A57000AFD6F /* PlainDromeUsingStack */ = {isa = PBXFileReference; explicitFileType = "compiled.mach-o.executable"; includeInIndex = 0; path = PlainDromeUsingStack; sourceTree = BUILT_PRODUCTS_DIR; };
		52A30BF01A1E7A57000AFD6F /* main.c */ = {isa = PBXFileReference; lastKnownFileType = sourcecode.c.c; path = main.c; sourceTree = "<group>"; };
/* End PBXFileReference section */

/* Begin PBXFrameworksBuildPhase section */
		52A30BEA1A1E7A57000AFD6F /* Frameworks */ = {
			isa = PBXFrameworksBuildPhase;
			buildActionMask = 2147483647;
			files = (
			);
			runOnlyForDeploymentPostprocessing = 0;
		};
/* End PBXFrameworksBuildPhase section */

/* Begin PBXGroup section */
		52A30BE41A1E7A56000AFD6F = {
			isa = PBXGroup;
			children = (
				52A30BEF1A1E7A57000AFD6F /* PlainDromeUsingStack */,
				52A30BEE1A1E7A57000AFD6F /* Products */,
			);
			sourceTree = "<group>";
		};
		52A30BEE1A1E7A57000AFD6F /* Products */ = {
			isa = PBXGroup;
			children = (
				52A30BED1A1E7A57000AFD6F /* PlainDromeUsingStack */,
			);
			name = Products;
			sourceTree = "<group>";
		};
		52A30BEF1A1E7A57000AFD6F /* PlainDromeUsingStack */ = {
			isa = PBXGroup;
			children = (
				52A30BF01A1E7A57000AFD6F /* main.c */,
			);
			path = PlainDromeUsingStack;
			sourceTree = "<group>";
		};
/* End PBXGroup section */

/* Begin PBXNativeTarget section */
		52A30BEC1A1E7A57000AFD6F /* PlainDromeUsingStack */ = {
			isa = PBXNativeTarget;
			buildConfigurationList = 52A30BF41A1E7A57000AFD6F /* Build configuration list for PBXNativeTarget "PlainDromeUsingStack" */;
			buildPhases = (
				52A30BE91A1E7A57000AFD6F /* Sources */,
				52A30BEA1A1E7A57000AFD6F /* Frameworks */,
				52A30BEB1A1E7A57000AFD6F /* CopyFiles */,
			);
			buildRules = (
			);
			dependencies = (
			);
			name = PlainDromeUsingStack;
			productName = PlainDromeUsingStack;
			productReference = 52A30BED1A1E7A57000AFD6F /* PlainDromeUsingStack */;
			productType = "com.apple.product-type.tool";
		};
/* End PBXNativeTarget section */

/* Begin PBXProject section */
		52A30BE51A1E7A56000AFD6F /* Project object */ = {
			isa = PBXProject;
			attributes = {
				LastUpgradeCheck = 0610;
				ORGANIZATIONNAME = "Mohamed fawzy";
				TargetAttributes = {
					52A30BEC1A1E7A57000AFD6F = {
						CreatedOnToolsVersion = 6.1;
					};
				};
			};
			buildConfigurationList = 52A30BE81A1E7A57000AFD6F /* Build configuration list for PBXProject "PlainDromeUsingStack" */;
			compatibilityVersion = "Xcode 3.2";
			developmentRegion = English;
			hasScannedForEncodings = 0;
			knownRegions = (
				en,
			);
			mainGroup = 52A30BE41A1E7A56000AFD6F;
			productRefGroup = 52A30BEE1A1E7A57000AFD6F /* Products */;
			projectDirPath = "";
			projectRoot = "";
			targets = (
				52A30BEC1A1E7A57000AFD6F /* PlainDromeUsingStack */,
			);
		};
/* End PBXProject section */

/* Begin PBXSourcesBuildPhase section */
		52A30BE91A1E7A57000AFD6F /* Sources */ = {
			isa = PBXSourcesBuildPhase;
			buildActionMask = 2147483647;
			files = (
				52A30BF11A1E7A57000AFD6F /* main.c in Sources */,
			);
			runOnlyForDeploymentPostprocessing = 0;
		};
/* End PBXSourcesBuildPhase section */

/* Begin XCBuildConfiguration section */
		52A30BF21A1E7A57000AFD6F /* Debug */ = {
			isa = XCBuildConfiguration;
			buildSettings = {
				ALWAYS_SEARCH_USER_PATHS = NO;
				CLANG_CXX_LANGUAGE_STANDARD = "gnu++0x";
				CLANG_CXX_LIBRARY = "libc++";
				CLANG_ENABLE_MODULES = YES;
				CLANG_ENABLE_OBJC_ARC = YES;
				CLANG_WARN_BOOL_CONVERSION = YES;
				CLANG_WARN_CONSTANT_CONVERSION = YES;
				CLANG_WARN_DIRECT_OBJC_ISA_USAGE = YES_ERROR;
				CLANG_WARN_EMPTY_BODY = YES;
				CLANG_WARN_ENUM_CONVERSION = YES;
				CLANG_WARN_INT_CONVERSION = YES;
				CLANG_WARN_OBJC_ROOT_CLASS = YES_ERROR;
				CLANG_WARN_UNREACHABLE_CODE = YES;
				CLANG_WARN__DUPLICATE_METHOD_MATCH = YES;
				COPY_PHASE_STRIP = NO;
				ENABLE_STRICT_OBJC_MSGSEND = YES;
				GCC_C_LANGUAGE_STANDARD = gnu99;
				GCC_DYNAMIC_NO_PIC = NO;
				GCC_OPTIMIZATION_LEVEL = 0;
				GCC_PREPROCESSOR_DEFINITIONS = (
					"DEBUG=1",
					"$(inherited)",
				);
				GCC_SYMBOLS_PRIVATE_EXTERN = NO;
				GCC_WARN_64_TO_32_BIT_CONVERSION = YES;
				GCC_WARN_ABOUT_RETURN_TYPE = YES_ERROR;
				GCC_WARN_UNDECLARED_SELECTOR = YES;
				GCC_WARN_UNINITIALIZED_AUTOS = YES_AGGRESSIVE;
				GCC_WARN_UNUSED_FUNCTION = YES;
				GCC_WARN_UNUSED_VARIABLE = YES;
				MACOSX_DEPLOYMENT_TARGET = 10.10;
				MTL_ENABLE_DEBUG_INFO = YES;
				ONLY_ACTIVE_ARCH = YES;
				SDKROOT = macosx;
			};
			name = Debug;
		};
		52A30BF31A1E7A57000AFD6F /* Release */ = {
			isa = XCBuildConfiguration;
			buildSettings = {
				ALWAYS_SEARCH_USER_PATHS = NO;
				CLANG_CXX_LANGUAGE_STANDARD = "gnu++0x";
				CLANG_CXX_LIBRARY = "libc++";
				CLANG_ENABLE_MODULES = YES;
				CLANG_ENABLE_OBJC_ARC = YES;
				CLANG_WARN_BOOL_CONVERSION = YES;
				CLANG_WARN_CONSTANT_CONVERSION = YES;
				CLANG_WARN_DIRECT_OBJC_ISA_USAGE = YES_ERROR;
				CLANG_WARN_EMPTY_BODY = YES;
				CLANG_WARN_ENUM_CONVERSION = YES;
				CLANG_WARN_INT_CONVERSION = YES;
				CLANG_WARN_OBJC_ROOT_CLASS = YES_ERROR;
				CLANG_WARN_UNREACHABLE_CODE = YES;
				CLANG_WARN__DUPLICATE_METHOD_MATCH = YES;
				COPY_PHASE_STRIP = YES;
				DEBUG_INFORMATION_FORMAT = "dwarf-with-dsym";
				ENABLE_NS_ASSERTIONS = NO;
				ENABLE_STRICT_OBJC_MSGSEND = YES;
				GCC_C_LANGUAGE_STANDARD = gnu99;
				GCC_WARN_64_TO_32_BIT_CONVERSION = YES;
				GCC_WARN_ABOUT_RETURN_TYPE = YES_ERROR;
				GCC_WARN_UNDECLARED_SELECTOR = YES;
				GCC_WARN_UNINITIALIZED_AUTOS = YES_AGGRESSIVE;
				GCC_WARN_UNUSED_FUNCTION = YES;
				GCC_WARN_UNUSED_VARIABLE = YES;
				MACOSX_DEPLOYMENT_TARGET = 10.10;
				MTL_ENABLE_DEBUG_INFO = NO;
				SDKROOT = macosx;
			};
			name = Release;
		};
		52A30BF51A1E7A57000AFD6F /* Debug */ = {
			isa = XCBuildConfiguration;
			buildSettings = {
				PRODUCT_NAME = "$(TARGET_NAME)";
			};
			name = Debug;
		};
		52A30BF61A1E7A57000AFD6F /* Release */ = {
			isa = XCBuildConfiguration;
			buildSettings = {
				PRODUCT_NAME = "$(TARGET_NAME)";
			};
			name = Release;
		};
/* End XCBuildConfiguration section */

/* Begin XCConfigurationList section */
		52A30BE81A1E7A57000AFD6F /* Build configuration list for PBXProject "PlainDromeUsingStack" */ = {
			isa = XCConfigurationList;
			buildConfigurations = (
				52A30BF21A1E7A57000AFD6F /* Debug */,
				52A30BF31A1E7A57000AFD6F /* Release */,
			);
			defaultConfigurationIsVisible = 0;
			defaultConfigurationName = Release;
		};
		52A30BF41A1E7A57000AFD6F /* Build configuration list for PBXNativeTarget "PlainDromeUsingStack" */ = {
			isa = XCConfigurationList;
			buildConfigurations = (
				52A30BF51A1E7A57000AFD6F /* Debug */,
				52A30BF61A1E7A57000AFD6F /* Release */,
			);
			defaultConfigurationIsVisible = 0;
		};
/* End XCConfigurationList section */
	};
	rootObject = 52A30BE51A1E7A56000AFD6F /* Project object */;
}
