// !$*UTF8*$!
{
	archiveVersion = 1;
	classes = {
	};
	objectVersion = 46;
	objects = {

/* Begin PBXBuildFile section */
		52E7DFF71A1F859700A22B1A /* main.c in Sources */ = {isa = PBXBuildFile; fileRef = 52E7DFF61A1F859700A22B1A /* main.c */; };
/* End PBXBuildFile section */

/* Begin PBXCopyFilesBuildPhase section */
		52E7DFF11A1F859700A22B1A /* CopyFiles */ = {
			isa = PBXCopyFilesBuildPhase;
			buildActionMask = 2147483647;
			dstPath = /usr/share/man/man1/;
			dstSubfolderSpec = 0;
			files = (
			);
			runOnlyForDeploymentPostprocessing = 1;
		};
/* End PBXCopyFilesBuildPhase section */

/* Begin PBXFileReference section */
		52E7DFF31A1F859700A22B1A /* CircularQueueEx1 */ = {isa = PBXFileReference; explicitFileType = "compiled.mach-o.executable"; includeInIndex = 0; path = CircularQueueEx1; sourceTree = BUILT_PRODUCTS_DIR; };
		52E7DFF61A1F859700A22B1A /* main.c */ = {isa = PBXFileReference; lastKnownFileType = sourcecode.c.c; path = main.c; sourceTree = "<group>"; };
/* End PBXFileReference section */

/* Begin PBXFrameworksBuildPhase section */
		52E7DFF01A1F859700A22B1A /* Frameworks */ = {
			isa = PBXFrameworksBuildPhase;
			buildActionMask = 2147483647;
			files = (
			);
			runOnlyForDeploymentPostprocessing = 0;
		};
/* End PBXFrameworksBuildPhase section */

/* Begin PBXGroup section */
		52E7DFEA1A1F859700A22B1A = {
			isa = PBXGroup;
			children = (
				52E7DFF51A1F859700A22B1A /* CircularQueueEx1 */,
				52E7DFF41A1F859700A22B1A /* Products */,
			);
			sourceTree = "<group>";
		};
		52E7DFF41A1F859700A22B1A /* Products */ = {
			isa = PBXGroup;
			children = (
				52E7DFF31A1F859700A22B1A /* CircularQueueEx1 */,
			);
			name = Products;
			sourceTree = "<group>";
		};
		52E7DFF51A1F859700A22B1A /* CircularQueueEx1 */ = {
			isa = PBXGroup;
			children = (
				52E7DFF61A1F859700A22B1A /* main.c */,
			);
			path = CircularQueueEx1;
			sourceTree = "<group>";
		};
/* End PBXGroup section */

/* Begin PBXNativeTarget section */
		52E7DFF21A1F859700A22B1A /* CircularQueueEx1 */ = {
			isa = PBXNativeTarget;
			buildConfigurationList = 52E7DFFA1A1F859700A22B1A /* Build configuration list for PBXNativeTarget "CircularQueueEx1" */;
			buildPhases = (
				52E7DFEF1A1F859700A22B1A /* Sources */,
				52E7DFF01A1F859700A22B1A /* Frameworks */,
				52E7DFF11A1F859700A22B1A /* CopyFiles */,
			);
			buildRules = (
			);
			dependencies = (
			);
			name = CircularQueueEx1;
			productName = CircularQueueEx1;
			productReference = 52E7DFF31A1F859700A22B1A /* CircularQueueEx1 */;
			productType = "com.apple.product-type.tool";
		};
/* End PBXNativeTarget section */

/* Begin PBXProject section */
		52E7DFEB1A1F859700A22B1A /* Project object */ = {
			isa = PBXProject;
			attributes = {
				LastUpgradeCheck = 0610;
				ORGANIZATIONNAME = "Mohamed fawzy";
				TargetAttributes = {
					52E7DFF21A1F859700A22B1A = {
						CreatedOnToolsVersion = 6.1;
					};
				};
			};
			buildConfigurationList = 52E7DFEE1A1F859700A22B1A /* Build configuration list for PBXProject "CircularQueueEx1" */;
			compatibilityVersion = "Xcode 3.2";
			developmentRegion = English;
			hasScannedForEncodings = 0;
			knownRegions = (
				en,
			);
			mainGroup = 52E7DFEA1A1F859700A22B1A;
			productRefGroup = 52E7DFF41A1F859700A22B1A /* Products */;
			projectDirPath = "";
			projectRoot = "";
			targets = (
				52E7DFF21A1F859700A22B1A /* CircularQueueEx1 */,
			);
		};
/* End PBXProject section */

/* Begin PBXSourcesBuildPhase section */
		52E7DFEF1A1F859700A22B1A /* Sources */ = {
			isa = PBXSourcesBuildPhase;
			buildActionMask = 2147483647;
			files = (
				52E7DFF71A1F859700A22B1A /* main.c in Sources */,
			);
			runOnlyForDeploymentPostprocessing = 0;
		};
/* End PBXSourcesBuildPhase section */

/* Begin XCBuildConfiguration section */
		52E7DFF81A1F859700A22B1A /* Debug */ = {
			isa = XCBuildConfiguration;
			buildSettings = {
				ALWAYS_SEARCH_USER_PATHS = NO;
				CLANG_CXX_LANGUAGE_STANDARD = "gnu++0x";
				CLANG_CXX_LIBRARY = "libc++";
				CLANG_ENABLE_MODULES = YES;
				CLANG_ENABLE_OBJC_ARC = YES;
				CLANG_WARN_BOOL_CONVERSION = YES;
				CLANG_WARN_CONSTANT_CONVERSION = YES;
				CLANG_WARN_DIRECT_OBJC_ISA_USAGE = YES_ERROR;
				CLANG_WARN_EMPTY_BODY = YES;
				CLANG_WARN_ENUM_CONVERSION = YES;
				CLANG_WARN_INT_CONVERSION = YES;
				CLANG_WARN_OBJC_ROOT_CLASS = YES_ERROR;
				CLANG_WARN_UNREACHABLE_CODE = YES;
				CLANG_WARN__DUPLICATE_METHOD_MATCH = YES;
				COPY_PHASE_STRIP = NO;
				ENABLE_STRICT_OBJC_MSGSEND = YES;
				GCC_C_LANGUAGE_STANDARD = gnu99;
				GCC_DYNAMIC_NO_PIC = NO;
				GCC_OPTIMIZATION_LEVEL = 0;
				GCC_PREPROCESSOR_DEFINITIONS = (
					"DEBUG=1",
					"$(inherited)",
				);
				GCC_SYMBOLS_PRIVATE_EXTERN = NO;
				GCC_WARN_64_TO_32_BIT_CONVERSION = YES;
				GCC_WARN_ABOUT_RETURN_TYPE = YES_ERROR;
				GCC_WARN_UNDECLARED_SELECTOR = YES;
				GCC_WARN_UNINITIALIZED_AUTOS = YES_AGGRESSIVE;
				GCC_WARN_UNUSED_FUNCTION = YES;
				GCC_WARN_UNUSED_VARIABLE = YES;
				MACOSX_DEPLOYMENT_TARGET = 10.10;
				MTL_ENABLE_DEBUG_INFO = YES;
				ONLY_ACTIVE_ARCH = YES;
				SDKROOT = macosx;
			};
			name = Debug;
		};
		52E7DFF91A1F859700A22B1A /* Release */ = {
			isa = XCBuildConfiguration;
			buildSettings = {
				ALWAYS_SEARCH_USER_PATHS = NO;
				CLANG_CXX_LANGUAGE_STANDARD = "gnu++0x";
				CLANG_CXX_LIBRARY = "libc++";
				CLANG_ENABLE_MODULES = YES;
				CLANG_ENABLE_OBJC_ARC = YES;
				CLANG_WARN_BOOL_CONVERSION = YES;
				CLANG_WARN_CONSTANT_CONVERSION = YES;
				CLANG_WARN_DIRECT_OBJC_ISA_USAGE = YES_ERROR;
				CLANG_WARN_EMPTY_BODY = YES;
				CLANG_WARN_ENUM_CONVERSION = YES;
				CLANG_WARN_INT_CONVERSION = YES;
				CLANG_WARN_OBJC_ROOT_CLASS = YES_ERROR;
				CLANG_WARN_UNREACHABLE_CODE = YES;
				CLANG_WARN__DUPLICATE_METHOD_MATCH = YES;
				COPY_PHASE_STRIP = YES;
				DEBUG_INFORMATION_FORMAT = "dwarf-with-dsym";
				ENABLE_NS_ASSERTIONS = NO;
				ENABLE_STRICT_OBJC_MSGSEND = YES;
				GCC_C_LANGUAGE_STANDARD = gnu99;
				GCC_WARN_64_TO_32_BIT_CONVERSION = YES;
				GCC_WARN_ABOUT_RETURN_TYPE = YES_ERROR;
				GCC_WARN_UNDECLARED_SELECTOR = YES;
				GCC_WARN_UNINITIALIZED_AUTOS = YES_AGGRESSIVE;
				GCC_WARN_UNUSED_FUNCTION = YES;
				GCC_WARN_UNUSED_VARIABLE = YES;
				MACOSX_DEPLOYMENT_TARGET = 10.10;
				MTL_ENABLE_DEBUG_INFO = NO;
				SDKROOT = macosx;
			};
			name = Release;
		};
		52E7DFFB1A1F859700A22B1A /* Debug */ = {
			isa = XCBuildConfiguration;
			buildSettings = {
				PRODUCT_NAME = "$(TARGET_NAME)";
			};
			name = Debug;
		};
		52E7DFFC1A1F859700A22B1A /* Release */ = {
			isa = XCBuildConfiguration;
			buildSettings = {
				PRODUCT_NAME = "$(TARGET_NAME)";
			};
			name = Release;
		};
/* End XCBuildConfiguration section */

/* Begin XCConfigurationList section */
		52E7DFEE1A1F859700A22B1A /* Build configuration list for PBXProject "CircularQueueEx1" */ = {
			isa = XCConfigurationList;
			buildConfigurations = (
				52E7DFF81A1F859700A22B1A /* Debug */,
				52E7DFF91A1F859700A22B1A /* Release */,
			);
			defaultConfigurationIsVisible = 0;
			defaultConfigurationName = Release;
		};
		52E7DFFA1A1F859700A22B1A /* Build configuration list for PBXNativeTarget "CircularQueueEx1" */ = {
			isa = XCConfigurationList;
			buildConfigurations = (
				52E7DFFB1A1F859700A22B1A /* Debug */,
				52E7DFFC1A1F859700A22B1A /* Release */,
			);
			defaultConfigurationIsVisible = 0;
		};
/* End XCConfigurationList section */
	};
	rootObject = 52E7DFEB1A1F859700A22B1A /* Project object */;
}
