// !$*UTF8*$!
{
	archiveVersion = 1;
	classes = {
	};
	objectVersion = 46;
	objects = {

/* Begin PBXBuildFile section */
		52E7DFE41A1F80A300A22B1A /* main.c in Sources */ = {isa = PBXBuildFile; fileRef = 52E7DFE31A1F80A300A22B1A /* main.c */; };
/* End PBXBuildFile section */

/* Begin PBXCopyFilesBuildPhase section */
		52E7DFDE1A1F80A300A22B1A /* CopyFiles */ = {
			isa = PBXCopyFilesBuildPhase;
			buildActionMask = 2147483647;
			dstPath = /usr/share/man/man1/;
			dstSubfolderSpec = 0;
			files = (
			);
			runOnlyForDeploymentPostprocessing = 1;
		};
/* End PBXCopyFilesBuildPhase section */

/* Begin PBXFileReference section */
		52E7DFE01A1F80A300A22B1A /* CircularQueue */ = {isa = PBXFileReference; explicitFileType = "compiled.mach-o.executable"; includeInIndex = 0; path = CircularQueue; sourceTree = BUILT_PRODUCTS_DIR; };
		52E7DFE31A1F80A300A22B1A /* main.c */ = {isa = PBXFileReference; lastKnownFileType = sourcecode.c.c; path = main.c; sourceTree = "<group>"; };
/* End PBXFileReference section */

/* Begin PBXFrameworksBuildPhase section */
		52E7DFDD1A1F80A300A22B1A /* Frameworks */ = {
			isa = PBXFrameworksBuildPhase;
			buildActionMask = 2147483647;
			files = (
			);
			runOnlyForDeploymentPostprocessing = 0;
		};
/* End PBXFrameworksBuildPhase section */

/* Begin PBXGroup section */
		52E7DFD71A1F80A300A22B1A = {
			isa = PBXGroup;
			children = (
				52E7DFE21A1F80A300A22B1A /* CircularQueue */,
				52E7DFE11A1F80A300A22B1A /* Products */,
			);
			sourceTree = "<group>";
		};
		52E7DFE11A1F80A300A22B1A /* Products */ = {
			isa = PBXGroup;
			children = (
				52E7DFE01A1F80A300A22B1A /* CircularQueue */,
			);
			name = Products;
			sourceTree = "<group>";
		};
		52E7DFE21A1F80A300A22B1A /* CircularQueue */ = {
			isa = PBXGroup;
			children = (
				52E7DFE31A1F80A300A22B1A /* main.c */,
			);
			path = CircularQueue;
			sourceTree = "<group>";
		};
/* End PBXGroup section */

/* Begin PBXNativeTarget section */
		52E7DFDF1A1F80A300A22B1A /* CircularQueue */ = {
			isa = PBXNativeTarget;
			buildConfigurationList = 52E7DFE71A1F80A300A22B1A /* Build configuration list for PBXNativeTarget "CircularQueue" */;
			buildPhases = (
				52E7DFDC1A1F80A300A22B1A /* Sources */,
				52E7DFDD1A1F80A300A22B1A /* Frameworks */,
				52E7DFDE1A1F80A300A22B1A /* CopyFiles */,
			);
			buildRules = (
			);
			dependencies = (
			);
			name = CircularQueue;
			productName = CircularQueue;
			productReference = 52E7DFE01A1F80A300A22B1A /* CircularQueue */;
			productType = "com.apple.product-type.tool";
		};
/* End PBXNativeTarget section */

/* Begin PBXProject section */
		52E7DFD81A1F80A300A22B1A /* Project object */ = {
			isa = PBXProject;
			attributes = {
				LastUpgradeCheck = 0610;
				ORGANIZATIONNAME = "Mohamed fawzy";
				TargetAttributes = {
					52E7DFDF1A1F80A300A22B1A = {
						CreatedOnToolsVersion = 6.1;
					};
				};
			};
			buildConfigurationList = 52E7DFDB1A1F80A300A22B1A /* Build configuration list for PBXProject "CircularQueue" */;
			compatibilityVersion = "Xcode 3.2";
			developmentRegion = English;
			hasScannedForEncodings = 0;
			knownRegions = (
				en,
			);
			mainGroup = 52E7DFD71A1F80A300A22B1A;
			productRefGroup = 52E7DFE11A1F80A300A22B1A /* Products */;
			projectDirPath = "";
			projectRoot = "";
			targets = (
				52E7DFDF1A1F80A300A22B1A /* CircularQueue */,
			);
		};
/* End PBXProject section */

/* Begin PBXSourcesBuildPhase section */
		52E7DFDC1A1F80A300A22B1A /* Sources */ = {
			isa = PBXSourcesBuildPhase;
			buildActionMask = 2147483647;
			files = (
				52E7DFE41A1F80A300A22B1A /* main.c in Sources */,
			);
			runOnlyForDeploymentPostprocessing = 0;
		};
/* End PBXSourcesBuildPhase section */

/* Begin XCBuildConfiguration section */
		52E7DFE51A1F80A300A22B1A /* Debug */ = {
			isa = XCBuildConfiguration;
			buildSettings = {
				ALWAYS_SEARCH_USER_PATHS = NO;
				CLANG_CXX_LANGUAGE_STANDARD = "gnu++0x";
				CLANG_CXX_LIBRARY = "libc++";
				CLANG_ENABLE_MODULES = YES;
				CLANG_ENABLE_OBJC_ARC = YES;
				CLANG_WARN_BOOL_CONVERSION = YES;
				CLANG_WARN_CONSTANT_CONVERSION = YES;
				CLANG_WARN_DIRECT_OBJC_ISA_USAGE = YES_ERROR;
				CLANG_WARN_EMPTY_BODY = YES;
				CLANG_WARN_ENUM_CONVERSION = YES;
				CLANG_WARN_INT_CONVERSION = YES;
				CLANG_WARN_OBJC_ROOT_CLASS = YES_ERROR;
				CLANG_WARN_UNREACHABLE_CODE = YES;
				CLANG_WARN__DUPLICATE_METHOD_MATCH = YES;
				COPY_PHASE_STRIP = NO;
				ENABLE_STRICT_OBJC_MSGSEND = YES;
				GCC_C_LANGUAGE_STANDARD = gnu99;
				GCC_DYNAMIC_NO_PIC = NO;
				GCC_OPTIMIZATION_LEVEL = 0;
				GCC_PREPROCESSOR_DEFINITIONS = (
					"DEBUG=1",
					"$(inherited)",
				);
				GCC_SYMBOLS_PRIVATE_EXTERN = NO;
				GCC_WARN_64_TO_32_BIT_CONVERSION = YES;
				GCC_WARN_ABOUT_RETURN_TYPE = YES_ERROR;
				GCC_WARN_UNDECLARED_SELECTOR = YES;
				GCC_WARN_UNINITIALIZED_AUTOS = YES_AGGRESSIVE;
				GCC_WARN_UNUSED_FUNCTION = YES;
				GCC_WARN_UNUSED_VARIABLE = YES;
				MACOSX_DEPLOYMENT_TARGET = 10.10;
				MTL_ENABLE_DEBUG_INFO = YES;
				ONLY_ACTIVE_ARCH = YES;
				SDKROOT = macosx;
			};
			name = Debug;
		};
		52E7DFE61A1F80A300A22B1A /* Release */ = {
			isa = XCBuildConfiguration;
			buildSettings = {
				ALWAYS_SEARCH_USER_PATHS = NO;
				CLANG_CXX_LANGUAGE_STANDARD = "gnu++0x";
				CLANG_CXX_LIBRARY = "libc++";
				CLANG_ENABLE_MODULES = YES;
				CLANG_ENABLE_OBJC_ARC = YES;
				CLANG_WARN_BOOL_CONVERSION = YES;
				CLANG_WARN_CONSTANT_CONVERSION = YES;
				CLANG_WARN_DIRECT_OBJC_ISA_USAGE = YES_ERROR;
				CLANG_WARN_EMPTY_BODY = YES;
				CLANG_WARN_ENUM_CONVERSION = YES;
				CLANG_WARN_INT_CONVERSION = YES;
				CLANG_WARN_OBJC_ROOT_CLASS = YES_ERROR;
				CLANG_WARN_UNREACHABLE_CODE = YES;
				CLANG_WARN__DUPLICATE_METHOD_MATCH = YES;
				COPY_PHASE_STRIP = YES;
				DEBUG_INFORMATION_FORMAT = "dwarf-with-dsym";
				ENABLE_NS_ASSERTIONS = NO;
				ENABLE_STRICT_OBJC_MSGSEND = YES;
				GCC_C_LANGUAGE_STANDARD = gnu99;
				GCC_WARN_64_TO_32_BIT_CONVERSION = YES;
				GCC_WARN_ABOUT_RETURN_TYPE = YES_ERROR;
				GCC_WARN_UNDECLARED_SELECTOR = YES;
				GCC_WARN_UNINITIALIZED_AUTOS = YES_AGGRESSIVE;
				GCC_WARN_UNUSED_FUNCTION = YES;
				GCC_WARN_UNUSED_VARIABLE = YES;
				MACOSX_DEPLOYMENT_TARGET = 10.10;
				MTL_ENABLE_DEBUG_INFO = NO;
				SDKROOT = macosx;
			};
			name = Release;
		};
		52E7DFE81A1F80A300A22B1A /* Debug */ = {
			isa = XCBuildConfiguration;
			buildSettings = {
				PRODUCT_NAME = "$(TARGET_NAME)";
			};
			name = Debug;
		};
		52E7DFE91A1F80A300A22B1A /* Release */ = {
			isa = XCBuildConfiguration;
			buildSettings = {
				PRODUCT_NAME = "$(TARGET_NAME)";
			};
			name = Release;
		};
/* End XCBuildConfiguration section */

/* Begin XCConfigurationList section */
		52E7DFDB1A1F80A300A22B1A /* Build configuration list for PBXProject "CircularQueue" */ = {
			isa = XCConfigurationList;
			buildConfigurations = (
				52E7DFE51A1F80A300A22B1A /* Debug */,
				52E7DFE61A1F80A300A22B1A /* Release */,
			);
			defaultConfigurationIsVisible = 0;
			defaultConfigurationName = Release;
		};
		52E7DFE71A1F80A300A22B1A /* Build configuration list for PBXNativeTarget "CircularQueue" */ = {
			isa = XCConfigurationList;
			buildConfigurations = (
				52E7DFE81A1F80A300A22B1A /* Debug */,
				52E7DFE91A1F80A300A22B1A /* Release */,
			);
			defaultConfigurationIsVisible = 0;
		};
/* End XCConfigurationList section */
	};
	rootObject = 52E7DFD81A1F80A300A22B1A /* Project object */;
}
